
Microsoft Visual Studio Solution File, Format Version 12.00
# Visual Studio Version 16
VisualStudioVersion = 16.0.29215.179
MinimumVisualStudioVersion = 10.0.40219.1
Project("{9A19103F-16F7-4668-BE54-9A1E7A4F7556}") = "API", "SEBTask\API.csproj", "{C456CE55-A8A7-47AB-AF65-5678AEED0DDF}"
EndProject
Project("{FAE04EC0-301F-11D3-BF4B-00C04F79EFBC}") = "Domain", "Domain\Domain.csproj", "{6D7BBC5A-D054-4ECB-A31E-AB9E45754643}"
EndProject
Project("{FAE04EC0-301F-11D3-BF4B-00C04F79EFBC}") = "Infrastructure", "Infrastructure\Infrastructure.csproj", "{3EC00114-341C-4DEA-83AF-8824E3236AFB}"
EndProject
Global
	GlobalSection(SolutionConfigurationPlatforms) = preSolution
		Debug|Any CPU = Debug|Any CPU
		Release|Any CPU = Release|Any CPU
	EndGlobalSection
	GlobalSection(ProjectConfigurationPlatforms) = postSolution
		{C456CE55-A8A7-47AB-AF65-5678AEED0DDF}.Debug|Any CPU.ActiveCfg = Debug|Any CPU
		{C456CE55-A8A7-47AB-AF65-5678AEED0DDF}.Debug|Any CPU.Build.0 = Debug|Any CPU
		{C456CE55-A8A7-47AB-AF65-5678AEED0DDF}.Release|Any CPU.ActiveCfg = Release|Any CPU
		{C456CE55-A8A7-47AB-AF65-5678AEED0DDF}.Release|Any CPU.Build.0 = Release|Any CPU
		{6D7BBC5A-D054-4ECB-A31E-AB9E45754643}.Debug|Any CPU.ActiveCfg = Debug|Any CPU
		{6D7BBC5A-D054-4ECB-A31E-AB9E45754643}.Debug|Any CPU.Build.0 = Debug|Any CPU
		{6D7BBC5A-D054-4ECB-A31E-AB9E45754643}.Release|Any CPU.ActiveCfg = Release|Any CPU
		{6D7BBC5A-D054-4ECB-A31E-AB9E45754643}.Release|Any CPU.Build.0 = Release|Any CPU
		{3EC00114-341C-4DEA-83AF-8824E3236AFB}.Debug|Any CPU.ActiveCfg = Debug|Any CPU
		{3EC00114-341C-4DEA-83AF-8824E3236AFB}.Debug|Any CPU.Build.0 = Debug|Any CPU
		{3EC00114-341C-4DEA-83AF-8824E3236AFB}.Release|Any CPU.ActiveCfg = Release|Any CPU
		{3EC00114-341C-4DEA-83AF-8824E3236AFB}.Release|Any CPU.Build.0 = Release|Any CPU
	EndGlobalSection
	GlobalSection(SolutionProperties) = preSolution
		HideSolutionNode = FALSE
	EndGlobalSection
	GlobalSection(ExtensibilityGlobals) = postSolution
		SolutionGuid = {20BB899C-A0A8-405B-87B2-0419C6B49AC7}
	EndGlobalSection
EndGlobal
